// !$*UTF8*$!
{
	archiveVersion = 1;
	classes = {
	};
	objectVersion = 50;
	objects = {

/* Begin PBXBuildFile section */
		CD5EE1F025BF282800AB0153 /* TamagotchiAppApp.swift in Sources */ = {isa = PBXBuildFile; fileRef = CD5EE1EF25BF282800AB0153 /* TamagotchiAppApp.swift */; };
		CD5EE1F225BF282800AB0153 /* ContentView.swift in Sources */ = {isa = PBXBuildFile; fileRef = CD5EE1F125BF282800AB0153 /* ContentView.swift */; };
		CD5EE1F425BF282B00AB0153 /* Assets.xcassets in Resources */ = {isa = PBXBuildFile; fileRef = CD5EE1F325BF282B00AB0153 /* Assets.xcassets */; };
		CD5EE1F725BF282B00AB0153 /* Preview Assets.xcassets in Resources */ = {isa = PBXBuildFile; fileRef = CD5EE1F625BF282B00AB0153 /* Preview Assets.xcassets */; };
		CD5EE20225BF282B00AB0153 /* TamagotchiAppTests.swift in Sources */ = {isa = PBXBuildFile; fileRef = CD5EE20125BF282B00AB0153 /* TamagotchiAppTests.swift */; };
		CD5EE20D25BF282B00AB0153 /* TamagotchiAppUITests.swift in Sources */ = {isa = PBXBuildFile; fileRef = CD5EE20C25BF282B00AB0153 /* TamagotchiAppUITests.swift */; };
		CDD55C9825BF2B6E00DD5471 /* Tamagotchi.swift in Sources */ = {isa = PBXBuildFile; fileRef = CDD55C9725BF2B6E00DD5471 /* Tamagotchi.swift */; };
		CDD55C9925BF2B6E00DD5471 /* Tamagotchi.swift in Sources */ = {isa = PBXBuildFile; fileRef = CDD55C9725BF2B6E00DD5471 /* Tamagotchi.swift */; };
/* End PBXBuildFile section */

/* Begin PBXContainerItemProxy section */
		CD5EE1FE25BF282B00AB0153 /* PBXContainerItemProxy */ = {
			isa = PBXContainerItemProxy;
			containerPortal = CD5EE1E425BF282800AB0153 /* Project object */;
			proxyType = 1;
			remoteGlobalIDString = CD5EE1EB25BF282800AB0153;
			remoteInfo = TamagotchiApp;
		};
		CD5EE20925BF282B00AB0153 /* PBXContainerItemProxy */ = {
			isa = PBXContainerItemProxy;
			containerPortal = CD5EE1E425BF282800AB0153 /* Project object */;
			proxyType = 1;
			remoteGlobalIDString = CD5EE1EB25BF282800AB0153;
			remoteInfo = TamagotchiApp;
		};
/* End PBXContainerItemProxy section */

/* Begin PBXFileReference section */
		CD5EE1EC25BF282800AB0153 /* TamagotchiApp.app */ = {isa = PBXFileReference; explicitFileType = wrapper.application; includeInIndex = 0; path = TamagotchiApp.app; sourceTree = BUILT_PRODUCTS_DIR; };
		CD5EE1EF25BF282800AB0153 /* TamagotchiAppApp.swift */ = {isa = PBXFileReference; lastKnownFileType = sourcecode.swift; path = TamagotchiAppApp.swift; sourceTree = "<group>"; };
		CD5EE1F125BF282800AB0153 /* ContentView.swift */ = {isa = PBXFileReference; lastKnownFileType = sourcecode.swift; path = ContentView.swift; sourceTree = "<group>"; };
		CD5EE1F325BF282B00AB0153 /* Assets.xcassets */ = {isa = PBXFileReference; lastKnownFileType = folder.assetcatalog; path = Assets.xcassets; sourceTree = "<group>"; };
		CD5EE1F625BF282B00AB0153 /* Preview Assets.xcassets */ = {isa = PBXFileReference; lastKnownFileType = folder.assetcatalog; path = "Preview Assets.xcassets"; sourceTree = "<group>"; };
		CD5EE1F825BF282B00AB0153 /* Info.plist */ = {isa = PBXFileReference; lastKnownFileType = text.plist.xml; path = Info.plist; sourceTree = "<group>"; };
		CD5EE1FD25BF282B00AB0153 /* TamagotchiAppTests.xctest */ = {isa = PBXFileReference; explicitFileType = wrapper.cfbundle; includeInIndex = 0; path = TamagotchiAppTests.xctest; sourceTree = BUILT_PRODUCTS_DIR; };
		CD5EE20125BF282B00AB0153 /* TamagotchiAppTests.swift */ = {isa = PBXFileReference; lastKnownFileType = sourcecode.swift; path = TamagotchiAppTests.swift; sourceTree = "<group>"; };
		CD5EE20325BF282B00AB0153 /* Info.plist */ = {isa = PBXFileReference; lastKnownFileType = text.plist.xml; path = Info.plist; sourceTree = "<group>"; };
		CD5EE20825BF282B00AB0153 /* TamagotchiAppUITests.xctest */ = {isa = PBXFileReference; explicitFileType = wrapper.cfbundle; includeInIndex = 0; path = TamagotchiAppUITests.xctest; sourceTree = BUILT_PRODUCTS_DIR; };
		CD5EE20C25BF282B00AB0153 /* TamagotchiAppUITests.swift */ = {isa = PBXFileReference; lastKnownFileType = sourcecode.swift; path = TamagotchiAppUITests.swift; sourceTree = "<group>"; };
		CD5EE20E25BF282B00AB0153 /* Info.plist */ = {isa = PBXFileReference; lastKnownFileType = text.plist.xml; path = Info.plist; sourceTree = "<group>"; };
		CDD55C9725BF2B6E00DD5471 /* Tamagotchi.swift */ = {isa = PBXFileReference; lastKnownFileType = sourcecode.swift; path = Tamagotchi.swift; sourceTree = "<group>"; };
/* End PBXFileReference section */

/* Begin PBXFrameworksBuildPhase section */
		CD5EE1E925BF282800AB0153 /* Frameworks */ = {
			isa = PBXFrameworksBuildPhase;
			buildActionMask = 2147483647;
			files = (
			);
			runOnlyForDeploymentPostprocessing = 0;
		};
		CD5EE1FA25BF282B00AB0153 /* Frameworks */ = {
			isa = PBXFrameworksBuildPhase;
			buildActionMask = 2147483647;
			files = (
			);
			runOnlyForDeploymentPostprocessing = 0;
		};
		CD5EE20525BF282B00AB0153 /* Frameworks */ = {
			isa = PBXFrameworksBuildPhase;
			buildActionMask = 2147483647;
			files = (
			);
			runOnlyForDeploymentPostprocessing = 0;
		};
/* End PBXFrameworksBuildPhase section */

/* Begin PBXGroup section */
		CD5EE1E325BF282800AB0153 = {
			isa = PBXGroup;
			children = (
				CD5EE1EE25BF282800AB0153 /* TamagotchiApp */,
				CD5EE20025BF282B00AB0153 /* TamagotchiAppTests */,
				CD5EE20B25BF282B00AB0153 /* TamagotchiAppUITests */,
				CD5EE1ED25BF282800AB0153 /* Products */,
			);
			sourceTree = "<group>";
		};
		CD5EE1ED25BF282800AB0153 /* Products */ = {
			isa = PBXGroup;
			children = (
				CD5EE1EC25BF282800AB0153 /* TamagotchiApp.app */,
				CD5EE1FD25BF282B00AB0153 /* TamagotchiAppTests.xctest */,
				CD5EE20825BF282B00AB0153 /* TamagotchiAppUITests.xctest */,
			);
			name = Products;
			sourceTree = "<group>";
		};
		CD5EE1EE25BF282800AB0153 /* TamagotchiApp */ = {
			isa = PBXGroup;
			children = (
				CD5EE1EF25BF282800AB0153 /* TamagotchiAppApp.swift */,
				CD5EE1F125BF282800AB0153 /* ContentView.swift */,
				CD5EE1F325BF282B00AB0153 /* Assets.xcassets */,
				CD5EE1F825BF282B00AB0153 /* Info.plist */,
				CD5EE1F525BF282B00AB0153 /* Preview Content */,
				CDD55C9725BF2B6E00DD5471 /* Tamagotchi.swift */,
			);
			path = TamagotchiApp;
			sourceTree = "<group>";
		};
		CD5EE1F525BF282B00AB0153 /* Preview Content */ = {
			isa = PBXGroup;
			children = (
				CD5EE1F625BF282B00AB0153 /* Preview Assets.xcassets */,
			);
			path = "Preview Content";
			sourceTree = "<group>";
		};
		CD5EE20025BF282B00AB0153 /* TamagotchiAppTests */ = {
			isa = PBXGroup;
			children = (
				CD5EE20125BF282B00AB0153 /* TamagotchiAppTests.swift */,
				CD5EE20325BF282B00AB0153 /* Info.plist */,
			);
			path = TamagotchiAppTests;
			sourceTree = "<group>";
		};
		CD5EE20B25BF282B00AB0153 /* TamagotchiAppUITests */ = {
			isa = PBXGroup;
			children = (
				CD5EE20C25BF282B00AB0153 /* TamagotchiAppUITests.swift */,
				CD5EE20E25BF282B00AB0153 /* Info.plist */,
			);
			path = TamagotchiAppUITests;
			sourceTree = "<group>";
		};
/* End PBXGroup section */

/* Begin PBXNativeTarget section */
		CD5EE1EB25BF282800AB0153 /* TamagotchiApp */ = {
			isa = PBXNativeTarget;
			buildConfigurationList = CD5EE21125BF282B00AB0153 /* Build configuration list for PBXNativeTarget "TamagotchiApp" */;
			buildPhases = (
				CD5EE1E825BF282800AB0153 /* Sources */,
				CD5EE1E925BF282800AB0153 /* Frameworks */,
				CD5EE1EA25BF282800AB0153 /* Resources */,
			);
			buildRules = (
			);
			dependencies = (
			);
			name = TamagotchiApp;
			productName = TamagotchiApp;
			productReference = CD5EE1EC25BF282800AB0153 /* TamagotchiApp.app */;
			productType = "com.apple.product-type.application";
		};
		CD5EE1FC25BF282B00AB0153 /* TamagotchiAppTests */ = {
			isa = PBXNativeTarget;
			buildConfigurationList = CD5EE21425BF282B00AB0153 /* Build configuration list for PBXNativeTarget "TamagotchiAppTests" */;
			buildPhases = (
				CD5EE1F925BF282B00AB0153 /* Sources */,
				CD5EE1FA25BF282B00AB0153 /* Frameworks */,
				CD5EE1FB25BF282B00AB0153 /* Resources */,
			);
			buildRules = (
			);
			dependencies = (
				CD5EE1FF25BF282B00AB0153 /* PBXTargetDependency */,
			);
			name = TamagotchiAppTests;
			productName = TamagotchiAppTests;
			productReference = CD5EE1FD25BF282B00AB0153 /* TamagotchiAppTests.xctest */;
			productType = "com.apple.product-type.bundle.unit-test";
		};
		CD5EE20725BF282B00AB0153 /* TamagotchiAppUITests */ = {
			isa = PBXNativeTarget;
			buildConfigurationList = CD5EE21725BF282B00AB0153 /* Build configuration list for PBXNativeTarget "TamagotchiAppUITests" */;
			buildPhases = (
				CD5EE20425BF282B00AB0153 /* Sources */,
				CD5EE20525BF282B00AB0153 /* Frameworks */,
				CD5EE20625BF282B00AB0153 /* Resources */,
			);
			buildRules = (
			);
			dependencies = (
				CD5EE20A25BF282B00AB0153 /* PBXTargetDependency */,
			);
			name = TamagotchiAppUITests;
			productName = TamagotchiAppUITests;
			productReference = CD5EE20825BF282B00AB0153 /* TamagotchiAppUITests.xctest */;
			productType = "com.apple.product-type.bundle.ui-testing";
		};
/* End PBXNativeTarget section */

/* Begin PBXProject section */
		CD5EE1E425BF282800AB0153 /* Project object */ = {
			isa = PBXProject;
			attributes = {
				LastSwiftUpdateCheck = 1230;
				LastUpgradeCheck = 1230;
				TargetAttributes = {
					CD5EE1EB25BF282800AB0153 = {
						CreatedOnToolsVersion = 12.3;
					};
					CD5EE1FC25BF282B00AB0153 = {
						CreatedOnToolsVersion = 12.3;
						TestTargetID = CD5EE1EB25BF282800AB0153;
					};
					CD5EE20725BF282B00AB0153 = {
						CreatedOnToolsVersion = 12.3;
						TestTargetID = CD5EE1EB25BF282800AB0153;
					};
				};
			};
			buildConfigurationList = CD5EE1E725BF282800AB0153 /* Build configuration list for PBXProject "TamagotchiApp" */;
			compatibilityVersion = "Xcode 9.3";
			developmentRegion = en;
			hasScannedForEncodings = 0;
			knownRegions = (
				en,
				Base,
			);
			mainGroup = CD5EE1E325BF282800AB0153;
			productRefGroup = CD5EE1ED25BF282800AB0153 /* Products */;
			projectDirPath = "";
			projectRoot = "";
			targets = (
				CD5EE1EB25BF282800AB0153 /* TamagotchiApp */,
				CD5EE1FC25BF282B00AB0153 /* TamagotchiAppTests */,
				CD5EE20725BF282B00AB0153 /* TamagotchiAppUITests */,
			);
		};
/* End PBXProject section */

/* Begin PBXResourcesBuildPhase section */
		CD5EE1EA25BF282800AB0153 /* Resources */ = {
			isa = PBXResourcesBuildPhase;
			buildActionMask = 2147483647;
			files = (
				CD5EE1F725BF282B00AB0153 /* Preview Assets.xcassets in Resources */,
				CD5EE1F425BF282B00AB0153 /* Assets.xcassets in Resources */,
			);
			runOnlyForDeploymentPostprocessing = 0;
		};
		CD5EE1FB25BF282B00AB0153 /* Resources */ = {
			isa = PBXResourcesBuildPhase;
			buildActionMask = 2147483647;
			files = (
			);
			runOnlyForDeploymentPostprocessing = 0;
		};
		CD5EE20625BF282B00AB0153 /* Resources */ = {
			isa = PBXResourcesBuildPhase;
			buildActionMask = 2147483647;
			files = (
			);
			runOnlyForDeploymentPostprocessing = 0;
		};
/* End PBXResourcesBuildPhase section */

/* Begin PBXSourcesBuildPhase section */
		CD5EE1E825BF282800AB0153 /* Sources */ = {
			isa = PBXSourcesBuildPhase;
			buildActionMask = 2147483647;
			files = (
				CD5EE1F225BF282800AB0153 /* ContentView.swift in Sources */,
				CDD55C9825BF2B6E00DD5471 /* Tamagotchi.swift in Sources */,
				CD5EE1F025BF282800AB0153 /* TamagotchiAppApp.swift in Sources */,
			);
			runOnlyForDeploymentPostprocessing = 0;
		};
		CD5EE1F925BF282B00AB0153 /* Sources */ = {
			isa = PBXSourcesBuildPhase;
			buildActionMask = 2147483647;
			files = (
				CDD55C9925BF2B6E00DD5471 /* Tamagotchi.swift in Sources */,
				CD5EE20225BF282B00AB0153 /* TamagotchiAppTests.swift in Sources */,
			);
			runOnlyForDeploymentPostprocessing = 0;
		};
		CD5EE20425BF282B00AB0153 /* Sources */ = {
			isa = PBXSourcesBuildPhase;
			buildActionMask = 2147483647;
			files = (
				CD5EE20D25BF282B00AB0153 /* TamagotchiAppUITests.swift in Sources */,
			);
			runOnlyForDeploymentPostprocessing = 0;
		};
/* End PBXSourcesBuildPhase section */

/* Begin PBXTargetDependency section */
		CD5EE1FF25BF282B00AB0153 /* PBXTargetDependency */ = {
			isa = PBXTargetDependency;
			target = CD5EE1EB25BF282800AB0153 /* TamagotchiApp */;
			targetProxy = CD5EE1FE25BF282B00AB0153 /* PBXContainerItemProxy */;
		};
		CD5EE20A25BF282B00AB0153 /* PBXTargetDependency */ = {
			isa = PBXTargetDependency;
			target = CD5EE1EB25BF282800AB0153 /* TamagotchiApp */;
			targetProxy = CD5EE20925BF282B00AB0153 /* PBXContainerItemProxy */;
		};
/* End PBXTargetDependency section */

/* Begin XCBuildConfiguration section */
		CD5EE20F25BF282B00AB0153 /* Debug */ = {
			isa = XCBuildConfiguration;
			buildSettings = {
				ALWAYS_SEARCH_USER_PATHS = NO;
				CLANG_ANALYZER_NONNULL = YES;
				CLANG_ANALYZER_NUMBER_OBJECT_CONVERSION = YES_AGGRESSIVE;
				CLANG_CXX_LANGUAGE_STANDARD = "gnu++14";
				CLANG_CXX_LIBRARY = "libc++";
				CLANG_ENABLE_MODULES = YES;
				CLANG_ENABLE_OBJC_ARC = YES;
				CLANG_ENABLE_OBJC_WEAK = YES;
				CLANG_WARN_BLOCK_CAPTURE_AUTORELEASING = YES;
				CLANG_WARN_BOOL_CONVERSION = YES;
				CLANG_WARN_COMMA = YES;
				CLANG_WARN_CONSTANT_CONVERSION = YES;
				CLANG_WARN_DEPRECATED_OBJC_IMPLEMENTATIONS = YES;
				CLANG_WARN_DIRECT_OBJC_ISA_USAGE = YES_ERROR;
				CLANG_WARN_DOCUMENTATION_COMMENTS = YES;
				CLANG_WARN_EMPTY_BODY = YES;
				CLANG_WARN_ENUM_CONVERSION = YES;
				CLANG_WARN_INFINITE_RECURSION = YES;
				CLANG_WARN_INT_CONVERSION = YES;
				CLANG_WARN_NON_LITERAL_NULL_CONVERSION = YES;
				CLANG_WARN_OBJC_IMPLICIT_RETAIN_SELF = YES;
				CLANG_WARN_OBJC_LITERAL_CONVERSION = YES;
				CLANG_WARN_OBJC_ROOT_CLASS = YES_ERROR;
				CLANG_WARN_QUOTED_INCLUDE_IN_FRAMEWORK_HEADER = YES;
				CLANG_WARN_RANGE_LOOP_ANALYSIS = YES;
				CLANG_WARN_STRICT_PROTOTYPES = YES;
				CLANG_WARN_SUSPICIOUS_MOVE = YES;
				CLANG_WARN_UNGUARDED_AVAILABILITY = YES_AGGRESSIVE;
				CLANG_WARN_UNREACHABLE_CODE = YES;
				CLANG_WARN__DUPLICATE_METHOD_MATCH = YES;
				COPY_PHASE_STRIP = NO;
				DEBUG_INFORMATION_FORMAT = dwarf;
				ENABLE_STRICT_OBJC_MSGSEND = YES;
				ENABLE_TESTABILITY = YES;
				GCC_C_LANGUAGE_STANDARD = gnu11;
				GCC_DYNAMIC_NO_PIC = NO;
				GCC_NO_COMMON_BLOCKS = YES;
				GCC_OPTIMIZATION_LEVEL = 0;
				GCC_PREPROCESSOR_DEFINITIONS = (
					"DEBUG=1",
					"$(inherited)",
				);
				GCC_WARN_64_TO_32_BIT_CONVERSION = YES;
				GCC_WARN_ABOUT_RETURN_TYPE = YES_ERROR;
				GCC_WARN_UNDECLARED_SELECTOR = YES;
				GCC_WARN_UNINITIALIZED_AUTOS = YES_AGGRESSIVE;
				GCC_WARN_UNUSED_FUNCTION = YES;
				GCC_WARN_UNUSED_VARIABLE = YES;
				IPHONEOS_DEPLOYMENT_TARGET = 14.3;
				MTL_ENABLE_DEBUG_INFO = INCLUDE_SOURCE;
				MTL_FAST_MATH = YES;
				ONLY_ACTIVE_ARCH = YES;
				SDKROOT = iphoneos;
				SWIFT_ACTIVE_COMPILATION_CONDITIONS = DEBUG;
				SWIFT_OPTIMIZATION_LEVEL = "-Onone";
			};
			name = Debug;
		};
		CD5EE21025BF282B00AB0153 /* Release */ = {
			isa = XCBuildConfiguration;
			buildSettings = {
				ALWAYS_SEARCH_USER_PATHS = NO;
				CLANG_ANALYZER_NONNULL = YES;
				CLANG_ANALYZER_NUMBER_OBJECT_CONVERSION = YES_AGGRESSIVE;
				CLANG_CXX_LANGUAGE_STANDARD = "gnu++14";
				CLANG_CXX_LIBRARY = "libc++";
				CLANG_ENABLE_MODULES = YES;
				CLANG_ENABLE_OBJC_ARC = YES;
				CLANG_ENABLE_OBJC_WEAK = YES;
				CLANG_WARN_BLOCK_CAPTURE_AUTORELEASING = YES;
				CLANG_WARN_BOOL_CONVERSION = YES;
				CLANG_WARN_COMMA = YES;
				CLANG_WARN_CONSTANT_CONVERSION = YES;
				CLANG_WARN_DEPRECATED_OBJC_IMPLEMENTATIONS = YES;
				CLANG_WARN_DIRECT_OBJC_ISA_USAGE = YES_ERROR;
				CLANG_WARN_DOCUMENTATION_COMMENTS = YES;
				CLANG_WARN_EMPTY_BODY = YES;
				CLANG_WARN_ENUM_CONVERSION = YES;
				CLANG_WARN_INFINITE_RECURSION = YES;
				CLANG_WARN_INT_CONVERSION = YES;
				CLANG_WARN_NON_LITERAL_NULL_CONVERSION = YES;
				CLANG_WARN_OBJC_IMPLICIT_RETAIN_SELF = YES;
				CLANG_WARN_OBJC_LITERAL_CONVERSION = YES;
				CLANG_WARN_OBJC_ROOT_CLASS = YES_ERROR;
				CLANG_WARN_QUOTED_INCLUDE_IN_FRAMEWORK_HEADER = YES;
				CLANG_WARN_RANGE_LOOP_ANALYSIS = YES;
				CLANG_WARN_STRICT_PROTOTYPES = YES;
				CLANG_WARN_SUSPICIOUS_MOVE = YES;
				CLANG_WARN_UNGUARDED_AVAILABILITY = YES_AGGRESSIVE;
				CLANG_WARN_UNREACHABLE_CODE = YES;
				CLANG_WARN__DUPLICATE_METHOD_MATCH = YES;
				COPY_PHASE_STRIP = NO;
				DEBUG_INFORMATION_FORMAT = "dwarf-with-dsym";
				ENABLE_NS_ASSERTIONS = NO;
				ENABLE_STRICT_OBJC_MSGSEND = YES;
				GCC_C_LANGUAGE_STANDARD = gnu11;
				GCC_NO_COMMON_BLOCKS = YES;
				GCC_WARN_64_TO_32_BIT_CONVERSION = YES;
				GCC_WARN_ABOUT_RETURN_TYPE = YES_ERROR;
				GCC_WARN_UNDECLARED_SELECTOR = YES;
				GCC_WARN_UNINITIALIZED_AUTOS = YES_AGGRESSIVE;
				GCC_WARN_UNUSED_FUNCTION = YES;
				GCC_WARN_UNUSED_VARIABLE = YES;
				IPHONEOS_DEPLOYMENT_TARGET = 14.3;
				MTL_ENABLE_DEBUG_INFO = NO;
				MTL_FAST_MATH = YES;
				SDKROOT = iphoneos;
				SWIFT_COMPILATION_MODE = wholemodule;
				SWIFT_OPTIMIZATION_LEVEL = "-O";
				VALIDATE_PRODUCT = YES;
			};
			name = Release;
		};
		CD5EE21225BF282B00AB0153 /* Debug */ = {
			isa = XCBuildConfiguration;
			buildSettings = {
				ASSETCATALOG_COMPILER_APPICON_NAME = AppIcon;
				ASSETCATALOG_COMPILER_GLOBAL_ACCENT_COLOR_NAME = AccentColor;
				CODE_SIGN_STYLE = Automatic;
				DEVELOPMENT_ASSET_PATHS = "\"TamagotchiApp/Preview Content\"";
				ENABLE_PREVIEWS = YES;
				INFOPLIST_FILE = TamagotchiApp/Info.plist;
				IPHONEOS_DEPLOYMENT_TARGET = 14.0;
				LD_RUNPATH_SEARCH_PATHS = (
					"$(inherited)",
					"@executable_path/Frameworks",
				);
				PRODUCT_BUNDLE_IDENTIFIER = com.yadav.TamagotchiApp;
				PRODUCT_NAME = "$(TARGET_NAME)";
				SWIFT_VERSION = 5.0;
				TARGETED_DEVICE_FAMILY = "1,2";
			};
			name = Debug;
		};
		CD5EE21325BF282B00AB0153 /* Release */ = {
			isa = XCBuildConfiguration;
			buildSettings = {
				ASSETCATALOG_COMPILER_APPICON_NAME = AppIcon;
				ASSETCATALOG_COMPILER_GLOBAL_ACCENT_COLOR_NAME = AccentColor;
				CODE_SIGN_STYLE = Automatic;
				DEVELOPMENT_ASSET_PATHS = "\"TamagotchiApp/Preview Content\"";
				ENABLE_PREVIEWS = YES;
				INFOPLIST_FILE = TamagotchiApp/Info.plist;
				IPHONEOS_DEPLOYMENT_TARGET = 14.0;
				LD_RUNPATH_SEARCH_PATHS = (
					"$(inherited)",
					"@executable_path/Frameworks",
				);
				PRODUCT_BUNDLE_IDENTIFIER = com.yadav.TamagotchiApp;
				PRODUCT_NAME = "$(TARGET_NAME)";
				SWIFT_VERSION = 5.0;
				TARGETED_DEVICE_FAMILY = "1,2";
			};
			name = Release;
		};
		CD5EE21525BF282B00AB0153 /* Debug */ = {
			isa = XCBuildConfiguration;
			buildSettings = {
				ALWAYS_EMBED_SWIFT_STANDARD_LIBRARIES = YES;
				BUNDLE_LOADER = "$(TEST_HOST)";
				CODE_SIGN_STYLE = Automatic;
				INFOPLIST_FILE = TamagotchiAppTests/Info.plist;
				IPHONEOS_DEPLOYMENT_TARGET = 14.0;
				LD_RUNPATH_SEARCH_PATHS = (
					"$(inherited)",
					"@executable_path/Frameworks",
					"@loader_path/Frameworks",
				);
				PRODUCT_BUNDLE_IDENTIFIER = com.yadav.TamagotchiAppTests;
				PRODUCT_NAME = "$(TARGET_NAME)";
				SWIFT_VERSION = 5.0;
				TARGETED_DEVICE_FAMILY = "1,2";
				TEST_HOST = "$(BUILT_PRODUCTS_DIR)/TamagotchiApp.app/TamagotchiApp";
			};
			name = Debug;
		};
		CD5EE21625BF282B00AB0153 /* Release */ = {
			isa = XCBuildConfiguration;
			buildSettings = {
				ALWAYS_EMBED_SWIFT_STANDARD_LIBRARIES = YES;
				BUNDLE_LOADER = "$(TEST_HOST)";
				CODE_SIGN_STYLE = Automatic;
				INFOPLIST_FILE = TamagotchiAppTests/Info.plist;
				IPHONEOS_DEPLOYMENT_TARGET = 14.0;
				LD_RUNPATH_SEARCH_PATHS = (
					"$(inherited)",
					"@executable_path/Frameworks",
					"@loader_path/Frameworks",
				);
				PRODUCT_BUNDLE_IDENTIFIER = com.yadav.TamagotchiAppTests;
				PRODUCT_NAME = "$(TARGET_NAME)";
				SWIFT_VERSION = 5.0;
				TARGETED_DEVICE_FAMILY = "1,2";
				TEST_HOST = "$(BUILT_PRODUCTS_DIR)/TamagotchiApp.app/TamagotchiApp";
			};
			name = Release;
		};
		CD5EE21825BF282B00AB0153 /* Debug */ = {
			isa = XCBuildConfiguration;
			buildSettings = {
				ALWAYS_EMBED_SWIFT_STANDARD_LIBRARIES = YES;
				CODE_SIGN_STYLE = Automatic;
				INFOPLIST_FILE = TamagotchiAppUITests/Info.plist;
				LD_RUNPATH_SEARCH_PATHS = (
					"$(inherited)",
					"@executable_path/Frameworks",
					"@loader_path/Frameworks",
				);
				PRODUCT_BUNDLE_IDENTIFIER = com.yadav.TamagotchiAppUITests;
				PRODUCT_NAME = "$(TARGET_NAME)";
				SWIFT_VERSION = 5.0;
				TARGETED_DEVICE_FAMILY = "1,2";
				TEST_TARGET_NAME = TamagotchiApp;
			};
			name = Debug;
		};
		CD5EE21925BF282B00AB0153 /* Release */ = {
			isa = XCBuildConfiguration;
			buildSettings = {
				ALWAYS_EMBED_SWIFT_STANDARD_LIBRARIES = YES;
				CODE_SIGN_STYLE = Automatic;
				INFOPLIST_FILE = TamagotchiAppUITests/Info.plist;
				LD_RUNPATH_SEARCH_PATHS = (
					"$(inherited)",
					"@executable_path/Frameworks",
					"@loader_path/Frameworks",
				);
				PRODUCT_BUNDLE_IDENTIFIER = com.yadav.TamagotchiAppUITests;
				PRODUCT_NAME = "$(TARGET_NAME)";
				SWIFT_VERSION = 5.0;
				TARGETED_DEVICE_FAMILY = "1,2";
				TEST_TARGET_NAME = TamagotchiApp;
			};
			name = Release;
		};
/* End XCBuildConfiguration section */

/* Begin XCConfigurationList section */
		CD5EE1E725BF282800AB0153 /* Build configuration list for PBXProject "TamagotchiApp" */ = {
			isa = XCConfigurationList;
			buildConfigurations = (
				CD5EE20F25BF282B00AB0153 /* Debug */,
				CD5EE21025BF282B00AB0153 /* Release */,
			);
			defaultConfigurationIsVisible = 0;
			defaultConfigurationName = Release;
		};
		CD5EE21125BF282B00AB0153 /* Build configuration list for PBXNativeTarget "TamagotchiApp" */ = {
			isa = XCConfigurationList;
			buildConfigurations = (
				CD5EE21225BF282B00AB0153 /* Debug */,
				CD5EE21325BF282B00AB0153 /* Release */,
			);
			defaultConfigurationIsVisible = 0;
			defaultConfigurationName = Release;
		};
		CD5EE21425BF282B00AB0153 /* Build configuration list for PBXNativeTarget "TamagotchiAppTests" */ = {
			isa = XCConfigurationList;
			buildConfigurations = (
				CD5EE21525BF282B00AB0153 /* Debug */,
				CD5EE21625BF282B00AB0153 /* Release */,
			);
			defaultConfigurationIsVisible = 0;
			defaultConfigurationName = Release;
		};
		CD5EE21725BF282B00AB0153 /* Build configuration list for PBXNativeTarget "TamagotchiAppUITests" */ = {
			isa = XCConfigurationList;
			buildConfigurations = (
				CD5EE21825BF282B00AB0153 /* Debug */,
				CD5EE21925BF282B00AB0153 /* Release */,
			);
			defaultConfigurationIsVisible = 0;
			defaultConfigurationName = Release;
		};
/* End XCConfigurationList section */
	};
	rootObject = CD5EE1E425BF282800AB0153 /* Project object */;
}
